{
  "originHash" : "9de9a7651b18e2693d579543886f6b586b793a6deebad8119fbad581c4536e22",
  "pins" : [
    {
      "identity" : "fluidaudio",
      "kind" : "remoteSourceControl",
      "location" : "https://github.com/FluidInference/FluidAudio.git",
      "state" : {
        "revision" : "21493f8dac5a97e65742e6ff26f42f164c2fda0f",
        "version" : "0.17.4"
      }
    },
    {
      "identity" : "llama.swift",
      "kind" : "remoteSourceControl",
      "location" : "https://github.com/mattt/llama.swift",
      "state" : {
        "revision" : "716419d4d7aa542fce301e809cde7234c68ddbc6",
        "version" : "2.10549.0"
      }
    }
  ],
  "version" : 3
}
